// !$*UTF8*$!
{
	archiveVersion = 1;
	classes = {
	};
	objectVersion = 46;
	objects = {

/* Begin PBXBuildFile section */
		4C2DC2A91D532A370066D1B8 /* UIView+xib.swift in Sources */ = {isa = PBXBuildFile; fileRef = 4C2DC2A81D532A370066D1B8 /* UIView+xib.swift */; };
		4C4279B01D522F0600BEF1F7 /* AppDelegate.swift in Sources */ = {isa = PBXBuildFile; fileRef = 4C4279AF1D522F0600BEF1F7 /* AppDelegate.swift */; };
		4C4279CB1D53174900BEF1F7 /* Assets.xcassets in Resources */ = {isa = PBXBuildFile; fileRef = 4C4279C21D53174900BEF1F7 /* Assets.xcassets */; };
		4C4279CC1D53174900BEF1F7 /* LaunchScreen.storyboard in Resources */ = {isa = PBXBuildFile; fileRef = 4C4279C71D53174900BEF1F7 /* LaunchScreen.storyboard */; };
		4C4279CD1D53174900BEF1F7 /* Main.storyboard in Resources */ = {isa = PBXBuildFile; fileRef = 4C4279C81D53174900BEF1F7 /* Main.storyboard */; };
		4C4279D31D53183700BEF1F7 /* TSMenuViewController.swift in Sources */ = {isa = PBXBuildFile; fileRef = 4C4279D21D53183700BEF1F7 /* TSMenuViewController.swift */; };
		4C4279D51D53189300BEF1F7 /* TSFoodCategoryTableViewCell.swift in Sources */ = {isa = PBXBuildFile; fileRef = 4C4279D41D53189300BEF1F7 /* TSFoodCategoryTableViewCell.swift */; };
		4C4279D91D531E9A00BEF1F7 /* TSFoodCategory.swift in Sources */ = {isa = PBXBuildFile; fileRef = 4C4279D81D531E9A00BEF1F7 /* TSFoodCategory.swift */; };
		4C4ECB4A1D53623300CFA4FE /* TSMorfedView.swift in Sources */ = {isa = PBXBuildFile; fileRef = 4C4ECB491D53623300CFA4FE /* TSMorfedView.swift */; };
		4C4ECB4C1D54924E00CFA4FE /* TSPizzaTableViewCell.swift in Sources */ = {isa = PBXBuildFile; fileRef = 4C4ECB4B1D54924E00CFA4FE /* TSPizzaTableViewCell.swift */; };
		4C4ECB4E1D54929400CFA4FE /* TSFoodCategoryTableViewCell.xib in Resources */ = {isa = PBXBuildFile; fileRef = 4C4ECB4D1D54929400CFA4FE /* TSFoodCategoryTableViewCell.xib */; };
		4C4ECB501D54941300CFA4FE /* TSPizzaTableViewCell.xib in Resources */ = {isa = PBXBuildFile; fileRef = 4C4ECB4F1D54941300CFA4FE /* TSPizzaTableViewCell.xib */; };
		4C4ECB531D54CE7400CFA4FE /* DataProvider.swift in Sources */ = {isa = PBXBuildFile; fileRef = 4C4ECB521D54CE7400CFA4FE /* DataProvider.swift */; };
/* End PBXBuildFile section */

/* Begin PBXFileReference section */
		4C2DC2A81D532A370066D1B8 /* UIView+xib.swift */ = {isa = PBXFileReference; fileEncoding = 4; lastKnownFileType = sourcecode.swift; path = "UIView+xib.swift"; sourceTree = "<group>"; };
		4C4279AC1D522F0600BEF1F7 /* PizzaAnimation.app */ = {isa = PBXFileReference; explicitFileType = wrapper.application; includeInIndex = 0; path = PizzaAnimation.app; sourceTree = BUILT_PRODUCTS_DIR; };
		4C4279AF1D522F0600BEF1F7 /* AppDelegate.swift */ = {isa = PBXFileReference; lastKnownFileType = sourcecode.swift; path = AppDelegate.swift; sourceTree = "<group>"; };
		4C4279BB1D522F0600BEF1F7 /* Info.plist */ = {isa = PBXFileReference; lastKnownFileType = text.plist.xml; path = Info.plist; sourceTree = "<group>"; };
		4C4279C21D53174900BEF1F7 /* Assets.xcassets */ = {isa = PBXFileReference; lastKnownFileType = folder.assetcatalog; path = Assets.xcassets; sourceTree = "<group>"; };
		4C4279C71D53174900BEF1F7 /* LaunchScreen.storyboard */ = {isa = PBXFileReference; fileEncoding = 4; lastKnownFileType = file.storyboard; path = LaunchScreen.storyboard; sourceTree = "<group>"; };
		4C4279C81D53174900BEF1F7 /* Main.storyboard */ = {isa = PBXFileReference; fileEncoding = 4; lastKnownFileType = file.storyboard; path = Main.storyboard; sourceTree = "<group>"; };
		4C4279D21D53183700BEF1F7 /* TSMenuViewController.swift */ = {isa = PBXFileReference; fileEncoding = 4; lastKnownFileType = sourcecode.swift; path = TSMenuViewController.swift; sourceTree = "<group>"; };
		4C4279D41D53189300BEF1F7 /* TSFoodCategoryTableViewCell.swift */ = {isa = PBXFileReference; fileEncoding = 4; lastKnownFileType = sourcecode.swift; path = TSFoodCategoryTableViewCell.swift; sourceTree = "<group>"; };
		4C4279D81D531E9A00BEF1F7 /* TSFoodCategory.swift */ = {isa = PBXFileReference; fileEncoding = 4; lastKnownFileType = sourcecode.swift; path = TSFoodCategory.swift; sourceTree = "<group>"; };
		4C4ECB491D53623300CFA4FE /* TSMorfedView.swift */ = {isa = PBXFileReference; fileEncoding = 4; lastKnownFileType = sourcecode.swift; path = TSMorfedView.swift; sourceTree = "<group>"; };
		4C4ECB4B1D54924E00CFA4FE /* TSPizzaTableViewCell.swift */ = {isa = PBXFileReference; fileEncoding = 4; lastKnownFileType = sourcecode.swift; path = TSPizzaTableViewCell.swift; sourceTree = "<group>"; };
		4C4ECB4D1D54929400CFA4FE /* TSFoodCategoryTableViewCell.xib */ = {isa = PBXFileReference; fileEncoding = 4; lastKnownFileType = file.xib; path = TSFoodCategoryTableViewCell.xib; sourceTree = "<group>"; };
		4C4ECB4F1D54941300CFA4FE /* TSPizzaTableViewCell.xib */ = {isa = PBXFileReference; fileEncoding = 4; lastKnownFileType = file.xib; path = TSPizzaTableViewCell.xib; sourceTree = "<group>"; };
		4C4ECB521D54CE7400CFA4FE /* DataProvider.swift */ = {isa = PBXFileReference; fileEncoding = 4; lastKnownFileType = sourcecode.swift; path = DataProvider.swift; sourceTree = "<group>"; };
/* End PBXFileReference section */

/* Begin PBXFrameworksBuildPhase section */
		4C4279A91D522F0600BEF1F7 /* Frameworks */ = {
			isa = PBXFrameworksBuildPhase;
			buildActionMask = 2147483647;
			files = (
			);
			runOnlyForDeploymentPostprocessing = 0;
		};
/* End PBXFrameworksBuildPhase section */

/* Begin PBXGroup section */
		4C2DC2A61D532A170066D1B8 /* Protocols */ = {
			isa = PBXGroup;
			children = (
			);
			path = Protocols;
			sourceTree = "<group>";
		};
		4C2DC2A71D532A280066D1B8 /* Extensions */ = {
			isa = PBXGroup;
			children = (
				4C2DC2A81D532A370066D1B8 /* UIView+xib.swift */,
			);
			path = Extensions;
			sourceTree = "<group>";
		};
		4C4279A31D522F0600BEF1F7 = {
			isa = PBXGroup;
			children = (
				4C4279AE1D522F0600BEF1F7 /* PizzaAnimation */,
				4C4279AD1D522F0600BEF1F7 /* Products */,
			);
			sourceTree = "<group>";
		};
		4C4279AD1D522F0600BEF1F7 /* Products */ = {
			isa = PBXGroup;
			children = (
				4C4279AC1D522F0600BEF1F7 /* PizzaAnimation.app */,
			);
			name = Products;
			sourceTree = "<group>";
		};
		4C4279AE1D522F0600BEF1F7 /* PizzaAnimation */ = {
			isa = PBXGroup;
			children = (
				4C4279D61D531D4400BEF1F7 /* Functionality */,
				4C4279C11D53174900BEF1F7 /* Resources */,
				4C4279C31D53174900BEF1F7 /* UI */,
				4C4279AF1D522F0600BEF1F7 /* AppDelegate.swift */,
				4C4279BB1D522F0600BEF1F7 /* Info.plist */,
			);
			path = PizzaAnimation;
			sourceTree = "<group>";
		};
		4C4279C11D53174900BEF1F7 /* Resources */ = {
			isa = PBXGroup;
			children = (
				4C4279C21D53174900BEF1F7 /* Assets.xcassets */,
			);
			path = Resources;
			sourceTree = "<group>";
		};
		4C4279C31D53174900BEF1F7 /* UI */ = {
			isa = PBXGroup;
			children = (
				4C4279C41D53174900BEF1F7 /* Animations */,
				4C4279C51D53174900BEF1F7 /* Cells */,
				4C4279D11D53183700BEF1F7 /* MenuTVC */,
				4C4279C61D53174900BEF1F7 /* Storyboards */,
			);
			path = UI;
			sourceTree = "<group>";
		};
		4C4279C41D53174900BEF1F7 /* Animations */ = {
			isa = PBXGroup;
			children = (
				4C4ECB491D53623300CFA4FE /* TSMorfedView.swift */,
			);
			path = Animations;
			sourceTree = "<group>";
		};
		4C4279C51D53174900BEF1F7 /* Cells */ = {
			isa = PBXGroup;
			children = (
				4C4279D41D53189300BEF1F7 /* TSFoodCategoryTableViewCell.swift */,
				4C4ECB4D1D54929400CFA4FE /* TSFoodCategoryTableViewCell.xib */,
				4C4ECB4B1D54924E00CFA4FE /* TSPizzaTableViewCell.swift */,
				4C4ECB4F1D54941300CFA4FE /* TSPizzaTableViewCell.xib */,
			);
			path = Cells;
			sourceTree = "<group>";
		};
		4C4279C61D53174900BEF1F7 /* Storyboards */ = {
			isa = PBXGroup;
			children = (
				4C4279C71D53174900BEF1F7 /* LaunchScreen.storyboard */,
				4C4279C81D53174900BEF1F7 /* Main.storyboard */,
			);
			path = Storyboards;
			sourceTree = "<group>";
		};
		4C4279D11D53183700BEF1F7 /* MenuTVC */ = {
			isa = PBXGroup;
			children = (
				4C4279D21D53183700BEF1F7 /* TSMenuViewController.swift */,
			);
			path = MenuTVC;
			sourceTree = "<group>";
		};
		4C4279D61D531D4400BEF1F7 /* Functionality */ = {
			isa = PBXGroup;
			children = (
				4C4ECB511D54CE6900CFA4FE /* DataProvider */,
				4C2DC2A71D532A280066D1B8 /* Extensions */,
				4C2DC2A61D532A170066D1B8 /* Protocols */,
				4C4279D71D531E8100BEF1F7 /* Models */,
			);
			path = Functionality;
			sourceTree = "<group>";
		};
		4C4279D71D531E8100BEF1F7 /* Models */ = {
			isa = PBXGroup;
			children = (
				4C4279D81D531E9A00BEF1F7 /* TSFoodCategory.swift */,
			);
			path = Models;
			sourceTree = "<group>";
		};
		4C4ECB511D54CE6900CFA4FE /* DataProvider */ = {
			isa = PBXGroup;
			children = (
				4C4ECB521D54CE7400CFA4FE /* DataProvider.swift */,
			);
			path = DataProvider;
			sourceTree = "<group>";
		};
/* End PBXGroup section */

/* Begin PBXNativeTarget section */
		4C4279AB1D522F0600BEF1F7 /* PizzaAnimation */ = {
			isa = PBXNativeTarget;
			buildConfigurationList = 4C4279BE1D522F0600BEF1F7 /* Build configuration list for PBXNativeTarget "PizzaAnimation" */;
			buildPhases = (
				4C4279A81D522F0600BEF1F7 /* Sources */,
				4C4279A91D522F0600BEF1F7 /* Frameworks */,
				4C4279AA1D522F0600BEF1F7 /* Resources */,
			);
			buildRules = (
			);
			dependencies = (
			);
			name = PizzaAnimation;
			productName = PizzaAnimation;
			productReference = 4C4279AC1D522F0600BEF1F7 /* PizzaAnimation.app */;
			productType = "com.apple.product-type.application";
		};
/* End PBXNativeTarget section */

/* Begin PBXProject section */
		4C4279A41D522F0600BEF1F7 /* Project object */ = {
			isa = PBXProject;
			attributes = {
				LastSwiftUpdateCheck = 0730;
				LastUpgradeCheck = 0730;
				ORGANIZATIONNAME = "Tubik Studio";
				TargetAttributes = {
					4C4279AB1D522F0600BEF1F7 = {
						CreatedOnToolsVersion = 7.3.1;
						DevelopmentTeam = 2R7KRC44ZL;
					};
				};
			};
			buildConfigurationList = 4C4279A71D522F0600BEF1F7 /* Build configuration list for PBXProject "PizzaAnimation" */;
			compatibilityVersion = "Xcode 3.2";
			developmentRegion = English;
			hasScannedForEncodings = 0;
			knownRegions = (
				en,
				Base,
			);
			mainGroup = 4C4279A31D522F0600BEF1F7;
			productRefGroup = 4C4279AD1D522F0600BEF1F7 /* Products */;
			projectDirPath = "";
			projectRoot = "";
			targets = (
				4C4279AB1D522F0600BEF1F7 /* PizzaAnimation */,
			);
		};
/* End PBXProject section */

/* Begin PBXResourcesBuildPhase section */
		4C4279AA1D522F0600BEF1F7 /* Resources */ = {
			isa = PBXResourcesBuildPhase;
			buildActionMask = 2147483647;
			files = (
				4C4ECB4E1D54929400CFA4FE /* TSFoodCategoryTableViewCell.xib in Resources */,
				4C4279CC1D53174900BEF1F7 /* LaunchScreen.storyboard in Resources */,
				4C4279CB1D53174900BEF1F7 /* Assets.xcassets in Resources */,
				4C4279CD1D53174900BEF1F7 /* Main.storyboard in Resources */,
				4C4ECB501D54941300CFA4FE /* TSPizzaTableViewCell.xib in Resources */,
			);
			runOnlyForDeploymentPostprocessing = 0;
		};
/* End PBXResourcesBuildPhase section */

/* Begin PBXSourcesBuildPhase section */
		4C4279A81D522F0600BEF1F7 /* Sources */ = {
			isa = PBXSourcesBuildPhase;
			buildActionMask = 2147483647;
			files = (
				4C4279D91D531E9A00BEF1F7 /* TSFoodCategory.swift in Sources */,
				4C4ECB531D54CE7400CFA4FE /* DataProvider.swift in Sources */,
				4C4ECB4A1D53623300CFA4FE /* TSMorfedView.swift in Sources */,
				4C4279B01D522F0600BEF1F7 /* AppDelegate.swift in Sources */,
				4C4279D51D53189300BEF1F7 /* TSFoodCategoryTableViewCell.swift in Sources */,
				4C2DC2A91D532A370066D1B8 /* UIView+xib.swift in Sources */,
				4C4279D31D53183700BEF1F7 /* TSMenuViewController.swift in Sources */,
				4C4ECB4C1D54924E00CFA4FE /* TSPizzaTableViewCell.swift in Sources */,
			);
			runOnlyForDeploymentPostprocessing = 0;
		};
/* End PBXSourcesBuildPhase section */

/* Begin XCBuildConfiguration section */
		4C4279BC1D522F0600BEF1F7 /* Debug */ = {
			isa = XCBuildConfiguration;
			buildSettings = {
				ALWAYS_SEARCH_USER_PATHS = NO;
				CLANG_ANALYZER_NONNULL = YES;
				CLANG_CXX_LANGUAGE_STANDARD = "gnu++0x";
				CLANG_CXX_LIBRARY = "libc++";
				CLANG_ENABLE_MODULES = YES;
				CLANG_ENABLE_OBJC_ARC = YES;
				CLANG_WARN_BOOL_CONVERSION = YES;
				CLANG_WARN_CONSTANT_CONVERSION = YES;
				CLANG_WARN_DIRECT_OBJC_ISA_USAGE = YES_ERROR;
				CLANG_WARN_EMPTY_BODY = YES;
				CLANG_WARN_ENUM_CONVERSION = YES;
				CLANG_WARN_INT_CONVERSION = YES;
				CLANG_WARN_OBJC_ROOT_CLASS = YES_ERROR;
				CLANG_WARN_UNREACHABLE_CODE = YES;
				CLANG_WARN__DUPLICATE_METHOD_MATCH = YES;
				"CODE_SIGN_IDENTITY[sdk=iphoneos*]" = "iPhone Developer";
				COPY_PHASE_STRIP = NO;
				DEBUG_INFORMATION_FORMAT = dwarf;
				ENABLE_STRICT_OBJC_MSGSEND = YES;
				ENABLE_TESTABILITY = YES;
				GCC_C_LANGUAGE_STANDARD = gnu99;
				GCC_DYNAMIC_NO_PIC = NO;
				GCC_NO_COMMON_BLOCKS = YES;
				GCC_OPTIMIZATION_LEVEL = 0;
				GCC_PREPROCESSOR_DEFINITIONS = (
					"DEBUG=1",
					"$(inherited)",
				);
				GCC_WARN_64_TO_32_BIT_CONVERSION = YES;
				GCC_WARN_ABOUT_RETURN_TYPE = YES_ERROR;
				GCC_WARN_UNDECLARED_SELECTOR = YES;
				GCC_WARN_UNINITIALIZED_AUTOS = YES_AGGRESSIVE;
				GCC_WARN_UNUSED_FUNCTION = YES;
				GCC_WARN_UNUSED_VARIABLE = YES;
				IPHONEOS_DEPLOYMENT_TARGET = 9.3;
				MTL_ENABLE_DEBUG_INFO = YES;
				ONLY_ACTIVE_ARCH = YES;
				SDKROOT = iphoneos;
				SWIFT_OPTIMIZATION_LEVEL = "-Onone";
			};
			name = Debug;
		};
		4C4279BD1D522F0600BEF1F7 /* Release */ = {
			isa = XCBuildConfiguration;
			buildSettings = {
				ALWAYS_SEARCH_USER_PATHS = NO;
				CLANG_ANALYZER_NONNULL = YES;
				CLANG_CXX_LANGUAGE_STANDARD = "gnu++0x";
				CLANG_CXX_LIBRARY = "libc++";
				CLANG_ENABLE_MODULES = YES;
				CLANG_ENABLE_OBJC_ARC = YES;
				CLANG_WARN_BOOL_CONVERSION = YES;
				CLANG_WARN_CONSTANT_CONVERSION = YES;
				CLANG_WARN_DIRECT_OBJC_ISA_USAGE = YES_ERROR;
				CLANG_WARN_EMPTY_BODY = YES;
				CLANG_WARN_ENUM_CONVERSION = YES;
				CLANG_WARN_INT_CONVERSION = YES;
				CLANG_WARN_OBJC_ROOT_CLASS = YES_ERROR;
				CLANG_WARN_UNREACHABLE_CODE = YES;
				CLANG_WARN__DUPLICATE_METHOD_MATCH = YES;
				"CODE_SIGN_IDENTITY[sdk=iphoneos*]" = "iPhone Developer";
				COPY_PHASE_STRIP = NO;
				DEBUG_INFORMATION_FORMAT = "dwarf-with-dsym";
				ENABLE_NS_ASSERTIONS = NO;
				ENABLE_STRICT_OBJC_MSGSEND = YES;
				GCC_C_LANGUAGE_STANDARD = gnu99;
				GCC_NO_COMMON_BLOCKS = YES;
				GCC_WARN_64_TO_32_BIT_CONVERSION = YES;
				GCC_WARN_ABOUT_RETURN_TYPE = YES_ERROR;
				GCC_WARN_UNDECLARED_SELECTOR = YES;
				GCC_WARN_UNINITIALIZED_AUTOS = YES_AGGRESSIVE;
				GCC_WARN_UNUSED_FUNCTION = YES;
				GCC_WARN_UNUSED_VARIABLE = YES;
				IPHONEOS_DEPLOYMENT_TARGET = 9.3;
				MTL_ENABLE_DEBUG_INFO = NO;
				SDKROOT = iphoneos;
				VALIDATE_PRODUCT = YES;
			};
			name = Release;
		};
		4C4279BF1D522F0600BEF1F7 /* Debug */ = {
			isa = XCBuildConfiguration;
			buildSettings = {
				ASSETCATALOG_COMPILER_APPICON_NAME = AppIcon;
				CODE_SIGN_IDENTITY = "iPhone Developer: Sergey Valiukh (S9M7C7AT37)";
				INFOPLIST_FILE = PizzaAnimation/Info.plist;
				LD_RUNPATH_SEARCH_PATHS = "$(inherited) @executable_path/Frameworks";
				PRODUCT_BUNDLE_IDENTIFIER = com.tubikstudio.PizzaAnimation;
				PRODUCT_NAME = "$(TARGET_NAME)";
				PROVISIONING_PROFILE = "12c69c8c-9692-420b-9921-d1d99c7d1e39";
			};
			name = Debug;
		};
		4C4279C01D522F0600BEF1F7 /* Release */ = {
			isa = XCBuildConfiguration;
			buildSettings = {
				ASSETCATALOG_COMPILER_APPICON_NAME = AppIcon;
				CODE_SIGN_IDENTITY = "iPhone Developer: Sergey Valiukh (S9M7C7AT37)";
				INFOPLIST_FILE = PizzaAnimation/Info.plist;
				LD_RUNPATH_SEARCH_PATHS = "$(inherited) @executable_path/Frameworks";
				PRODUCT_BUNDLE_IDENTIFIER = com.tubikstudio.PizzaAnimation;
				PRODUCT_NAME = "$(TARGET_NAME)";
				PROVISIONING_PROFILE = "12c69c8c-9692-420b-9921-d1d99c7d1e39";
			};
			name = Release;
		};
/* End XCBuildConfiguration section */

/* Begin XCConfigurationList section */
		4C4279A71D522F0600BEF1F7 /* Build configuration list for PBXProject "PizzaAnimation" */ = {
			isa = XCConfigurationList;
			buildConfigurations = (
				4C4279BC1D522F0600BEF1F7 /* Debug */,
				4C4279BD1D522F0600BEF1F7 /* Release */,
			);
			defaultConfigurationIsVisible = 0;
			defaultConfigurationName = Release;
		};
		4C4279BE1D522F0600BEF1F7 /* Build configuration list for PBXNativeTarget "PizzaAnimation" */ = {
			isa = XCConfigurationList;
			buildConfigurations = (
				4C4279BF1D522F0600BEF1F7 /* Debug */,
				4C4279C01D522F0600BEF1F7 /* Release */,
			);
			defaultConfigurationIsVisible = 0;
			defaultConfigurationName = Release;
		};
/* End XCConfigurationList section */
	};
	rootObject = 4C4279A41D522F0600BEF1F7 /* Project object */;
}
